
Microsoft Visual Studio Solution File, Format Version 12.00
# Visual Studio Version 17
VisualStudioVersion = 17.9.34728.123
MinimumVisualStudioVersion = 10.0.40219.1
Project("{9A19103F-16F7-4668-BE54-9A1E7A4F7556}") = "TutorialMaUI", "TutorialMaUI.csproj", "{B08BE911-A88E-472C-ACE8-C1A17BE055B4}"
EndProject
Project("{9A19103F-16F7-4668-BE54-9A1E7A4F7556}") = "TutorialMAUI.Entity", "..\TutorialMAUI.Entity\TutorialMAUI.Entity.csproj", "{52739112-686E-422F-B626-68A151C9AF5F}"
EndProject
Project("{9A19103F-16F7-4668-BE54-9A1E7A4F7556}") = "Common.Library", "..\Common.Library\Common.Library.csproj", "{BA7845F4-67BD-4DD4-A18F-3C37323FFB25}"
EndProject
Project("{9A19103F-16F7-4668-BE54-9A1E7A4F7556}") = "Plugin.ValidationRules", "..\Plugin.ValidationRules\Plugin.ValidationRules.csproj", "{83974E5C-930F-48F9-9A81-2E4FD45F90BD}"
EndProject
Global
	GlobalSection(SolutionConfigurationPlatforms) = preSolution
		Debug|Any CPU = Debug|Any CPU
		Release|Any CPU = Release|Any CPU
	EndGlobalSection
	GlobalSection(ProjectConfigurationPlatforms) = postSolution
		{B08BE911-A88E-472C-ACE8-C1A17BE055B4}.Debug|Any CPU.ActiveCfg = Debug|Any CPU
		{B08BE911-A88E-472C-ACE8-C1A17BE055B4}.Debug|Any CPU.Build.0 = Debug|Any CPU
		{B08BE911-A88E-472C-ACE8-C1A17BE055B4}.Debug|Any CPU.Deploy.0 = Debug|Any CPU
		{B08BE911-A88E-472C-ACE8-C1A17BE055B4}.Release|Any CPU.ActiveCfg = Release|Any CPU
		{B08BE911-A88E-472C-ACE8-C1A17BE055B4}.Release|Any CPU.Build.0 = Release|Any CPU
		{B08BE911-A88E-472C-ACE8-C1A17BE055B4}.Release|Any CPU.Deploy.0 = Release|Any CPU
		{52739112-686E-422F-B626-68A151C9AF5F}.Debug|Any CPU.ActiveCfg = Debug|Any CPU
		{52739112-686E-422F-B626-68A151C9AF5F}.Debug|Any CPU.Build.0 = Debug|Any CPU
		{52739112-686E-422F-B626-68A151C9AF5F}.Release|Any CPU.ActiveCfg = Release|Any CPU
		{52739112-686E-422F-B626-68A151C9AF5F}.Release|Any CPU.Build.0 = Release|Any CPU
		{BA7845F4-67BD-4DD4-A18F-3C37323FFB25}.Debug|Any CPU.ActiveCfg = Debug|Any CPU
		{BA7845F4-67BD-4DD4-A18F-3C37323FFB25}.Debug|Any CPU.Build.0 = Debug|Any CPU
		{BA7845F4-67BD-4DD4-A18F-3C37323FFB25}.Release|Any CPU.ActiveCfg = Release|Any CPU
		{BA7845F4-67BD-4DD4-A18F-3C37323FFB25}.Release|Any CPU.Build.0 = Release|Any CPU
		{83974E5C-930F-48F9-9A81-2E4FD45F90BD}.Debug|Any CPU.ActiveCfg = Debug|Any CPU
		{83974E5C-930F-48F9-9A81-2E4FD45F90BD}.Debug|Any CPU.Build.0 = Debug|Any CPU
		{83974E5C-930F-48F9-9A81-2E4FD45F90BD}.Release|Any CPU.ActiveCfg = Release|Any CPU
		{83974E5C-930F-48F9-9A81-2E4FD45F90BD}.Release|Any CPU.Build.0 = Release|Any CPU
	EndGlobalSection
	GlobalSection(SolutionProperties) = preSolution
		HideSolutionNode = FALSE
	EndGlobalSection
	GlobalSection(ExtensibilityGlobals) = postSolution
		SolutionGuid = {38D78A26-5C56-4830-960E-C69A57B87692}
	EndGlobalSection
EndGlobal
